// !$*UTF8*$!
{
	archiveVersion = 1;
	classes = {
	};
	objectVersion = 50;
	objects = {

/* Begin PBXBuildFile section */
		880D48AF2443318600B136EF /* Service.swift in Sources */ = {isa = PBXBuildFile; fileRef = 880D48AE2443318600B136EF /* Service.swift */; };
		880D48B12443328A00B136EF /* Encoding.swift in Sources */ = {isa = PBXBuildFile; fileRef = 880D48B02443328A00B136EF /* Encoding.swift */; };
		88165A452479167700747742 /* YMDownloadManager.swift in Sources */ = {isa = PBXBuildFile; fileRef = 88165A442479167700747742 /* YMDownloadManager.swift */; };
		885E29ED2461640000090CA2 /* UploadRequest.swift in Sources */ = {isa = PBXBuildFile; fileRef = 885E29EC2461640000090CA2 /* UploadRequest.swift */; };
		885EEB212450258E009816B6 /* YMDownloadRequest.swift in Sources */ = {isa = PBXBuildFile; fileRef = 885EEB202450258E009816B6 /* YMDownloadRequest.swift */; };
		8860917624490EBE00267B42 /* Request.swift in Sources */ = {isa = PBXBuildFile; fileRef = 8860917524490EBE00267B42 /* Request.swift */; };
		88609178244B39F100267B42 /* Configuration.swift in Sources */ = {isa = PBXBuildFile; fileRef = 88609177244B39F100267B42 /* Configuration.swift */; };
		88E5DD302443271200A669D2 /* YMNetwork.h in Headers */ = {isa = PBXBuildFile; fileRef = 88E5DD2E2443271200A669D2 /* YMNetwork.h */; settings = {ATTRIBUTES = (Public, ); }; };
		88E5DD372443273B00A669D2 /* YMNetwork.swift in Sources */ = {isa = PBXBuildFile; fileRef = 88E5DD362443273B00A669D2 /* YMNetwork.swift */; };
		88EF5120244796310006C4A0 /* Response.swift in Sources */ = {isa = PBXBuildFile; fileRef = 88EF511F244796310006C4A0 /* Response.swift */; };
/* End PBXBuildFile section */

/* Begin PBXFileReference section */
		880D48AE2443318600B136EF /* Service.swift */ = {isa = PBXFileReference; lastKnownFileType = sourcecode.swift; path = Service.swift; sourceTree = "<group>"; };
		880D48B02443328A00B136EF /* Encoding.swift */ = {isa = PBXFileReference; lastKnownFileType = sourcecode.swift; path = Encoding.swift; sourceTree = "<group>"; };
		88165A442479167700747742 /* YMDownloadManager.swift */ = {isa = PBXFileReference; lastKnownFileType = sourcecode.swift; path = YMDownloadManager.swift; sourceTree = "<group>"; };
		885E29EC2461640000090CA2 /* UploadRequest.swift */ = {isa = PBXFileReference; lastKnownFileType = sourcecode.swift; path = UploadRequest.swift; sourceTree = "<group>"; };
		885EEB202450258E009816B6 /* YMDownloadRequest.swift */ = {isa = PBXFileReference; lastKnownFileType = sourcecode.swift; path = YMDownloadRequest.swift; sourceTree = "<group>"; };
		8860917524490EBE00267B42 /* Request.swift */ = {isa = PBXFileReference; lastKnownFileType = sourcecode.swift; path = Request.swift; sourceTree = "<group>"; };
		88609177244B39F100267B42 /* Configuration.swift */ = {isa = PBXFileReference; lastKnownFileType = sourcecode.swift; path = Configuration.swift; sourceTree = "<group>"; };
		88E5DD2B2443271200A669D2 /* YMNetwork.framework */ = {isa = PBXFileReference; explicitFileType = wrapper.framework; includeInIndex = 0; path = YMNetwork.framework; sourceTree = BUILT_PRODUCTS_DIR; };
		88E5DD2E2443271200A669D2 /* YMNetwork.h */ = {isa = PBXFileReference; lastKnownFileType = sourcecode.c.h; path = YMNetwork.h; sourceTree = "<group>"; };
		88E5DD2F2443271200A669D2 /* Info.plist */ = {isa = PBXFileReference; lastKnownFileType = text.plist.xml; path = Info.plist; sourceTree = "<group>"; };
		88E5DD362443273B00A669D2 /* YMNetwork.swift */ = {isa = PBXFileReference; lastKnownFileType = sourcecode.swift; path = YMNetwork.swift; sourceTree = "<group>"; };
		88EF511F244796310006C4A0 /* Response.swift */ = {isa = PBXFileReference; lastKnownFileType = sourcecode.swift; path = Response.swift; sourceTree = "<group>"; };
/* End PBXFileReference section */

/* Begin PBXFrameworksBuildPhase section */
		88E5DD282443271200A669D2 /* Frameworks */ = {
			isa = PBXFrameworksBuildPhase;
			buildActionMask = 2147483647;
			files = (
			);
			runOnlyForDeploymentPostprocessing = 0;
		};
/* End PBXFrameworksBuildPhase section */

/* Begin PBXGroup section */
		880D48A9244330CE00B136EF /* Encoding */ = {
			isa = PBXGroup;
			children = (
				880D48B02443328A00B136EF /* Encoding.swift */,
			);
			path = Encoding;
			sourceTree = "<group>";
		};
		880D48AA244330DA00B136EF /* Service */ = {
			isa = PBXGroup;
			children = (
				880D48AE2443318600B136EF /* Service.swift */,
				88609177244B39F100267B42 /* Configuration.swift */,
			);
			path = Service;
			sourceTree = "<group>";
		};
		88165A432479166E00747742 /* Managers */ = {
			isa = PBXGroup;
			children = (
				88165A442479167700747742 /* YMDownloadManager.swift */,
			);
			path = Managers;
			sourceTree = "<group>";
		};
		88E5DD212443271200A669D2 = {
			isa = PBXGroup;
			children = (
				88E5DD2D2443271200A669D2 /* YMNetwork */,
				88E5DD2C2443271200A669D2 /* Products */,
			);
			sourceTree = "<group>";
		};
		88E5DD2C2443271200A669D2 /* Products */ = {
			isa = PBXGroup;
			children = (
				88E5DD2B2443271200A669D2 /* YMNetwork.framework */,
			);
			name = Products;
			sourceTree = "<group>";
		};
		88E5DD2D2443271200A669D2 /* YMNetwork */ = {
			isa = PBXGroup;
			children = (
				88165A432479166E00747742 /* Managers */,
				88EF511E244796200006C4A0 /* Models */,
				880D48AA244330DA00B136EF /* Service */,
				880D48A9244330CE00B136EF /* Encoding */,
				88E5DD362443273B00A669D2 /* YMNetwork.swift */,
				88E5DD2E2443271200A669D2 /* YMNetwork.h */,
				88E5DD2F2443271200A669D2 /* Info.plist */,
			);
			path = YMNetwork;
			sourceTree = "<group>";
		};
		88EF511E244796200006C4A0 /* Models */ = {
			isa = PBXGroup;
			children = (
				8860917524490EBE00267B42 /* Request.swift */,
				88EF511F244796310006C4A0 /* Response.swift */,
				885EEB202450258E009816B6 /* YMDownloadRequest.swift */,
				885E29EC2461640000090CA2 /* UploadRequest.swift */,
			);
			path = Models;
			sourceTree = "<group>";
		};
/* End PBXGroup section */

/* Begin PBXHeadersBuildPhase section */
		88E5DD262443271200A669D2 /* Headers */ = {
			isa = PBXHeadersBuildPhase;
			buildActionMask = 2147483647;
			files = (
				88E5DD302443271200A669D2 /* YMNetwork.h in Headers */,
			);
			runOnlyForDeploymentPostprocessing = 0;
		};
/* End PBXHeadersBuildPhase section */

/* Begin PBXNativeTarget section */
		88E5DD2A2443271200A669D2 /* YMNetwork */ = {
			isa = PBXNativeTarget;
			buildConfigurationList = 88E5DD332443271200A669D2 /* Build configuration list for PBXNativeTarget "YMNetwork" */;
			buildPhases = (
				88E5DD262443271200A669D2 /* Headers */,
				88E5DD272443271200A669D2 /* Sources */,
				88E5DD282443271200A669D2 /* Frameworks */,
				88E5DD292443271200A669D2 /* Resources */,
			);
			buildRules = (
			);
			dependencies = (
			);
			name = YMNetwork;
			productName = YMNetwork;
			productReference = 88E5DD2B2443271200A669D2 /* YMNetwork.framework */;
			productType = "com.apple.product-type.framework";
		};
/* End PBXNativeTarget section */

/* Begin PBXProject section */
		88E5DD222443271200A669D2 /* Project object */ = {
			isa = PBXProject;
			attributes = {
				LastUpgradeCheck = 1120;
				ORGANIZATIONNAME = Miletli;
				TargetAttributes = {
					88E5DD2A2443271200A669D2 = {
						CreatedOnToolsVersion = 11.2.1;
						LastSwiftMigration = 1120;
					};
				};
			};
			buildConfigurationList = 88E5DD252443271200A669D2 /* Build configuration list for PBXProject "YMNetwork" */;
			compatibilityVersion = "Xcode 9.3";
			developmentRegion = en;
			hasScannedForEncodings = 0;
			knownRegions = (
				en,
				Base,
			);
			mainGroup = 88E5DD212443271200A669D2;
			productRefGroup = 88E5DD2C2443271200A669D2 /* Products */;
			projectDirPath = "";
			projectRoot = "";
			targets = (
				88E5DD2A2443271200A669D2 /* YMNetwork */,
			);
		};
/* End PBXProject section */

/* Begin PBXResourcesBuildPhase section */
		88E5DD292443271200A669D2 /* Resources */ = {
			isa = PBXResourcesBuildPhase;
			buildActionMask = 2147483647;
			files = (
			);
			runOnlyForDeploymentPostprocessing = 0;
		};
/* End PBXResourcesBuildPhase section */

/* Begin PBXSourcesBuildPhase section */
		88E5DD272443271200A669D2 /* Sources */ = {
			isa = PBXSourcesBuildPhase;
			buildActionMask = 2147483647;
			files = (
				88609178244B39F100267B42 /* Configuration.swift in Sources */,
				885EEB212450258E009816B6 /* YMDownloadRequest.swift in Sources */,
				88EF5120244796310006C4A0 /* Response.swift in Sources */,
				88165A452479167700747742 /* YMDownloadManager.swift in Sources */,
				88E5DD372443273B00A669D2 /* YMNetwork.swift in Sources */,
				885E29ED2461640000090CA2 /* UploadRequest.swift in Sources */,
				8860917624490EBE00267B42 /* Request.swift in Sources */,
				880D48B12443328A00B136EF /* Encoding.swift in Sources */,
				880D48AF2443318600B136EF /* Service.swift in Sources */,
			);
			runOnlyForDeploymentPostprocessing = 0;
		};
/* End PBXSourcesBuildPhase section */

/* Begin XCBuildConfiguration section */
		88E5DD312443271200A669D2 /* Debug */ = {
			isa = XCBuildConfiguration;
			buildSettings = {
				ALWAYS_SEARCH_USER_PATHS = NO;
				CLANG_ANALYZER_NONNULL = YES;
				CLANG_ANALYZER_NUMBER_OBJECT_CONVERSION = YES_AGGRESSIVE;
				CLANG_CXX_LANGUAGE_STANDARD = "gnu++14";
				CLANG_CXX_LIBRARY = "libc++";
				CLANG_ENABLE_MODULES = YES;
				CLANG_ENABLE_OBJC_ARC = YES;
				CLANG_ENABLE_OBJC_WEAK = YES;
				CLANG_WARN_BLOCK_CAPTURE_AUTORELEASING = YES;
				CLANG_WARN_BOOL_CONVERSION = YES;
				CLANG_WARN_COMMA = YES;
				CLANG_WARN_CONSTANT_CONVERSION = YES;
				CLANG_WARN_DEPRECATED_OBJC_IMPLEMENTATIONS = YES;
				CLANG_WARN_DIRECT_OBJC_ISA_USAGE = YES_ERROR;
				CLANG_WARN_DOCUMENTATION_COMMENTS = YES;
				CLANG_WARN_EMPTY_BODY = YES;
				CLANG_WARN_ENUM_CONVERSION = YES;
				CLANG_WARN_INFINITE_RECURSION = YES;
				CLANG_WARN_INT_CONVERSION = YES;
				CLANG_WARN_NON_LITERAL_NULL_CONVERSION = YES;
				CLANG_WARN_OBJC_IMPLICIT_RETAIN_SELF = YES;
				CLANG_WARN_OBJC_LITERAL_CONVERSION = YES;
				CLANG_WARN_OBJC_ROOT_CLASS = YES_ERROR;
				CLANG_WARN_RANGE_LOOP_ANALYSIS = YES;
				CLANG_WARN_STRICT_PROTOTYPES = YES;
				CLANG_WARN_SUSPICIOUS_MOVE = YES;
				CLANG_WARN_UNGUARDED_AVAILABILITY = YES_AGGRESSIVE;
				CLANG_WARN_UNREACHABLE_CODE = YES;
				CLANG_WARN__DUPLICATE_METHOD_MATCH = YES;
				COPY_PHASE_STRIP = NO;
				CURRENT_PROJECT_VERSION = 1;
				DEBUG_INFORMATION_FORMAT = dwarf;
				ENABLE_STRICT_OBJC_MSGSEND = YES;
				ENABLE_TESTABILITY = YES;
				GCC_C_LANGUAGE_STANDARD = gnu11;
				GCC_DYNAMIC_NO_PIC = NO;
				GCC_NO_COMMON_BLOCKS = YES;
				GCC_OPTIMIZATION_LEVEL = 0;
				GCC_PREPROCESSOR_DEFINITIONS = (
					"DEBUG=1",
					"$(inherited)",
				);
				GCC_WARN_64_TO_32_BIT_CONVERSION = YES;
				GCC_WARN_ABOUT_RETURN_TYPE = YES_ERROR;
				GCC_WARN_UNDECLARED_SELECTOR = YES;
				GCC_WARN_UNINITIALIZED_AUTOS = YES_AGGRESSIVE;
				GCC_WARN_UNUSED_FUNCTION = YES;
				GCC_WARN_UNUSED_VARIABLE = YES;
				IPHONEOS_DEPLOYMENT_TARGET = 13.2;
				MTL_ENABLE_DEBUG_INFO = INCLUDE_SOURCE;
				MTL_FAST_MATH = YES;
				ONLY_ACTIVE_ARCH = YES;
				SDKROOT = iphoneos;
				SWIFT_ACTIVE_COMPILATION_CONDITIONS = DEBUG;
				SWIFT_OPTIMIZATION_LEVEL = "-Onone";
				VERSIONING_SYSTEM = "apple-generic";
				VERSION_INFO_PREFIX = "";
			};
			name = Debug;
		};
		88E5DD322443271200A669D2 /* Release */ = {
			isa = XCBuildConfiguration;
			buildSettings = {
				ALWAYS_SEARCH_USER_PATHS = NO;
				CLANG_ANALYZER_NONNULL = YES;
				CLANG_ANALYZER_NUMBER_OBJECT_CONVERSION = YES_AGGRESSIVE;
				CLANG_CXX_LANGUAGE_STANDARD = "gnu++14";
				CLANG_CXX_LIBRARY = "libc++";
				CLANG_ENABLE_MODULES = YES;
				CLANG_ENABLE_OBJC_ARC = YES;
				CLANG_ENABLE_OBJC_WEAK = YES;
				CLANG_WARN_BLOCK_CAPTURE_AUTORELEASING = YES;
				CLANG_WARN_BOOL_CONVERSION = YES;
				CLANG_WARN_COMMA = YES;
				CLANG_WARN_CONSTANT_CONVERSION = YES;
				CLANG_WARN_DEPRECATED_OBJC_IMPLEMENTATIONS = YES;
				CLANG_WARN_DIRECT_OBJC_ISA_USAGE = YES_ERROR;
				CLANG_WARN_DOCUMENTATION_COMMENTS = YES;
				CLANG_WARN_EMPTY_BODY = YES;
				CLANG_WARN_ENUM_CONVERSION = YES;
				CLANG_WARN_INFINITE_RECURSION = YES;
				CLANG_WARN_INT_CONVERSION = YES;
				CLANG_WARN_NON_LITERAL_NULL_CONVERSION = YES;
				CLANG_WARN_OBJC_IMPLICIT_RETAIN_SELF = YES;
				CLANG_WARN_OBJC_LITERAL_CONVERSION = YES;
				CLANG_WARN_OBJC_ROOT_CLASS = YES_ERROR;
				CLANG_WARN_RANGE_LOOP_ANALYSIS = YES;
				CLANG_WARN_STRICT_PROTOTYPES = YES;
				CLANG_WARN_SUSPICIOUS_MOVE = YES;
				CLANG_WARN_UNGUARDED_AVAILABILITY = YES_AGGRESSIVE;
				CLANG_WARN_UNREACHABLE_CODE = YES;
				CLANG_WARN__DUPLICATE_METHOD_MATCH = YES;
				COPY_PHASE_STRIP = NO;
				CURRENT_PROJECT_VERSION = 1;
				DEBUG_INFORMATION_FORMAT = "dwarf-with-dsym";
				ENABLE_NS_ASSERTIONS = NO;
				ENABLE_STRICT_OBJC_MSGSEND = YES;
				GCC_C_LANGUAGE_STANDARD = gnu11;
				GCC_NO_COMMON_BLOCKS = YES;
				GCC_WARN_64_TO_32_BIT_CONVERSION = YES;
				GCC_WARN_ABOUT_RETURN_TYPE = YES_ERROR;
				GCC_WARN_UNDECLARED_SELECTOR = YES;
				GCC_WARN_UNINITIALIZED_AUTOS = YES_AGGRESSIVE;
				GCC_WARN_UNUSED_FUNCTION = YES;
				GCC_WARN_UNUSED_VARIABLE = YES;
				IPHONEOS_DEPLOYMENT_TARGET = 13.2;
				MTL_ENABLE_DEBUG_INFO = NO;
				MTL_FAST_MATH = YES;
				SDKROOT = iphoneos;
				SWIFT_COMPILATION_MODE = wholemodule;
				SWIFT_OPTIMIZATION_LEVEL = "-O";
				VALIDATE_PRODUCT = YES;
				VERSIONING_SYSTEM = "apple-generic";
				VERSION_INFO_PREFIX = "";
			};
			name = Release;
		};
		88E5DD342443271200A669D2 /* Debug */ = {
			isa = XCBuildConfiguration;
			buildSettings = {
				CLANG_ENABLE_MODULES = YES;
				CODE_SIGN_STYLE = Automatic;
				DEFINES_MODULE = YES;
				DEVELOPMENT_TEAM = J32736CL8V;
				DYLIB_COMPATIBILITY_VERSION = 1;
				DYLIB_CURRENT_VERSION = 1;
				DYLIB_INSTALL_NAME_BASE = "@rpath";
				INFOPLIST_FILE = YMNetwork/Info.plist;
				INSTALL_PATH = "$(LOCAL_LIBRARY_DIR)/Frameworks";
				IPHONEOS_DEPLOYMENT_TARGET = 8.0;
				LD_RUNPATH_SEARCH_PATHS = (
					"$(inherited)",
					"@executable_path/Frameworks",
					"@loader_path/Frameworks",
				);
				MARKETING_VERSION = 1.0.0;
				PRODUCT_BUNDLE_IDENTIFIER = com.miletli.ysm.YMNetwork;
				PRODUCT_NAME = "$(TARGET_NAME:c99extidentifier)";
				SKIP_INSTALL = YES;
				SWIFT_OPTIMIZATION_LEVEL = "-Onone";
				SWIFT_VERSION = 5.0;
				TARGETED_DEVICE_FAMILY = "1,2";
			};
			name = Debug;
		};
		88E5DD352443271200A669D2 /* Release */ = {
			isa = XCBuildConfiguration;
			buildSettings = {
				CLANG_ENABLE_MODULES = YES;
				CODE_SIGN_STYLE = Automatic;
				DEFINES_MODULE = YES;
				DEVELOPMENT_TEAM = J32736CL8V;
				DYLIB_COMPATIBILITY_VERSION = 1;
				DYLIB_CURRENT_VERSION = 1;
				DYLIB_INSTALL_NAME_BASE = "@rpath";
				INFOPLIST_FILE = YMNetwork/Info.plist;
				INSTALL_PATH = "$(LOCAL_LIBRARY_DIR)/Frameworks";
				IPHONEOS_DEPLOYMENT_TARGET = 8.0;
				LD_RUNPATH_SEARCH_PATHS = (
					"$(inherited)",
					"@executable_path/Frameworks",
					"@loader_path/Frameworks",
				);
				MARKETING_VERSION = 1.0.0;
				PRODUCT_BUNDLE_IDENTIFIER = com.miletli.ysm.YMNetwork;
				PRODUCT_NAME = "$(TARGET_NAME:c99extidentifier)";
				SKIP_INSTALL = YES;
				SWIFT_VERSION = 5.0;
				TARGETED_DEVICE_FAMILY = "1,2";
			};
			name = Release;
		};
/* End XCBuildConfiguration section */

/* Begin XCConfigurationList section */
		88E5DD252443271200A669D2 /* Build configuration list for PBXProject "YMNetwork" */ = {
			isa = XCConfigurationList;
			buildConfigurations = (
				88E5DD312443271200A669D2 /* Debug */,
				88E5DD322443271200A669D2 /* Release */,
			);
			defaultConfigurationIsVisible = 0;
			defaultConfigurationName = Release;
		};
		88E5DD332443271200A669D2 /* Build configuration list for PBXNativeTarget "YMNetwork" */ = {
			isa = XCConfigurationList;
			buildConfigurations = (
				88E5DD342443271200A669D2 /* Debug */,
				88E5DD352443271200A669D2 /* Release */,
			);
			defaultConfigurationIsVisible = 0;
			defaultConfigurationName = Release;
		};
/* End XCConfigurationList section */
	};
	rootObject = 88E5DD222443271200A669D2 /* Project object */;
}
